{
  "lockfile_version": "1",
  "packages": {
    "ansible-lint": {
      "resolved": "github:NixOS/nixpkgs/9b008d60392981ad674e04016d25619281550a9d?narHash=sha256-mgFxAPLWw0Kq%2BC8P3dRrZrOYEQXOtKuYVlo9xvPntt8%3D#ansible-lint",
      "source": "nixpkg",
      "systems": {
        "aarch64-darwin": {
          "outputs": [
            {
              "path": "/nix/store/96wazp5yzch12fi3l21xy6k274dgxja1-ansible-lint-25.5.0",
              "default": true
            }
          ]
        }
      }
    },
    "ansible@latest": {
      "last_modified": "2025-06-30T12:09:31Z",
      "resolved": "github:NixOS/nixpkgs/b9c03fbbaf84d85bb28eee530c7e9edc4021ca1b#ansible",
      "source": "devbox-search",
      "version": "2.18.6",
      "systems": {
        "aarch64-darwin": {
          "outputs": [
            {
              "name": "out",
              "path": "/nix/store/inkl7p75yjg1ikrqrdwjhngz45zdahfs-python3.13-ansible-core-2.18.6",
              "default": true
            },
            {
              "name": "dist",
              "path": "/nix/store/r3zj58vszcdyzahilr5386sifrn18pb0-python3.13-ansible-core-2.18.6-dist"
            }
          ],
          "store_path": "/nix/store/inkl7p75yjg1ikrqrdwjhngz45zdahfs-python3.13-ansible-core-2.18.6"
        },
        "aarch64-linux": {
          "outputs": [
            {
              "name": "out",
              "path": "/nix/store/a894dakl9993gnq6w2s55dlkdhdkvksa-python3.13-ansible-core-2.18.6",
              "default": true
            },
            {
              "name": "dist",
              "path": "/nix/store/9hpk8xdlw4lixq47zfgw9034dh3ml8yx-python3.13-ansible-core-2.18.6-dist"
            }
          ],
          "store_path": "/nix/store/a894dakl9993gnq6w2s55dlkdhdkvksa-python3.13-ansible-core-2.18.6"
        },
        "x86_64-darwin": {
          "outputs": [
            {
              "name": "out",
              "path": "/nix/store/h5rdlmfk932ps2383fq4m18qyapia7h4-python3.13-ansible-core-2.18.6",
              "default": true
            },
            {
              "name": "dist",
              "path": "/nix/store/93jy7c9lfymlm3606vjsxgzsgrr4s155-python3.13-ansible-core-2.18.6-dist"
            }
          ],
          "store_path": "/nix/store/h5rdlmfk932ps2383fq4m18qyapia7h4-python3.13-ansible-core-2.18.6"
        },
        "x86_64-linux": {
          "outputs": [
            {
              "name": "out",
              "path": "/nix/store/rijnxv7h1jz34prh4an99c1pd1qwrxhm-python3.13-ansible-core-2.18.6",
              "default": true
            },
            {
              "name": "dist",
              "path": "/nix/store/a2fqnlz650iqarmzldldkww2fqgx9q8j-python3.13-ansible-core-2.18.6-dist"
            }
          ],
          "store_path": "/nix/store/rijnxv7h1jz34prh4an99c1pd1qwrxhm-python3.13-ansible-core-2.18.6"
        }
      }
    },
    "github:NixOS/nixpkgs/nixpkgs-unstable": {
      "last_modified": "2025-07-08T04:39:49Z",
      "resolved": "github:NixOS/nixpkgs/9b008d60392981ad674e04016d25619281550a9d?lastModified=1751949589&narHash=sha256-mgFxAPLWw0Kq%2BC8P3dRrZrOYEQXOtKuYVlo9xvPntt8%3D"
    },
    "molecule@latest": {
      "last_modified": "2025-06-30T12:09:31Z",
      "resolved": "github:NixOS/nixpkgs/b9c03fbbaf84d85bb28eee530c7e9edc4021ca1b#molecule",
      "source": "devbox-search",
      "version": "25.6.0",
      "systems": {
        "aarch64-darwin": {
          "outputs": [
            {
              "name": "out",
              "path": "/nix/store/bl6ik5dpf4v36r6cyjjipmpiq7a8cyx4-python3.13-molecule-25.6.0",
              "default": true
            },
            {
              "name": "dist",
              "path": "/nix/store/vnkpvf6kpx8xfnq159hy43fpf3mfaa7a-python3.13-molecule-25.6.0-dist"
            }
          ],
          "store_path": "/nix/store/bl6ik5dpf4v36r6cyjjipmpiq7a8cyx4-python3.13-molecule-25.6.0"
        },
        "aarch64-linux": {
          "outputs": [
            {
              "name": "out",
              "path": "/nix/store/vj43hm91bs0cfr2kv0ndw028a1hbj6vh-python3.13-molecule-25.6.0",
              "default": true
            },
            {
              "name": "dist",
              "path": "/nix/store/504g4v3h27xqh4yahp8icy9fiwhfwm1n-python3.13-molecule-25.6.0-dist"
            }
          ],
          "store_path": "/nix/store/vj43hm91bs0cfr2kv0ndw028a1hbj6vh-python3.13-molecule-25.6.0"
        },
        "x86_64-darwin": {
          "outputs": [
            {
              "name": "out",
              "path": "/nix/store/5z2r0bajigp2qba4xxw4q5r81frkr58i-python3.13-molecule-25.6.0",
              "default": true
            },
            {
              "name": "dist",
              "path": "/nix/store/vz8mqx1bbldn2wqrpff9fhjmg1sacj4g-python3.13-molecule-25.6.0-dist"
            }
          ],
          "store_path": "/nix/store/5z2r0bajigp2qba4xxw4q5r81frkr58i-python3.13-molecule-25.6.0"
        },
        "x86_64-linux": {
          "outputs": [
            {
              "name": "out",
              "path": "/nix/store/rfx938dsixkirw1pxgi1h6yf9pllh96q-python3.13-molecule-25.6.0",
              "default": true
            },
            {
              "name": "dist",
              "path": "/nix/store/6h6g9cf4rfbj8nwizi438y580hd5iirr-python3.13-molecule-25.6.0-dist"
            }
          ],
          "store_path": "/nix/store/rfx938dsixkirw1pxgi1h6yf9pllh96q-python3.13-molecule-25.6.0"
        }
      }
    },
    "python@3.11": {
      "last_modified": "2025-06-20T02:24:11Z",
      "plugin_version": "0.0.4",
      "resolved": "github:NixOS/nixpkgs/076e8c6678d8c54204abcb4b1b14c366835a58bb#python311",
      "source": "devbox-search",
      "version": "3.11.13",
      "systems": {
        "aarch64-darwin": {
          "outputs": [
            {
              "name": "out",
              "path": "/nix/store/qa0k8h8zngwdzan3cvsmkb1nfq5zb9c5-python3-3.11.13",
              "default": true
            }
          ],
          "store_path": "/nix/store/qa0k8h8zngwdzan3cvsmkb1nfq5zb9c5-python3-3.11.13"
        },
        "aarch64-linux": {
          "outputs": [
            {
              "name": "out",
              "path": "/nix/store/7wn1v5c5z8pf45pb12kic9xw4pdrsyl9-python3-3.11.13",
              "default": true
            },
            {
              "name": "debug",
              "path": "/nix/store/fy8ynxlxzhl3765y508yh945qsagpajf-python3-3.11.13-debug"
            }
          ],
          "store_path": "/nix/store/7wn1v5c5z8pf45pb12kic9xw4pdrsyl9-python3-3.11.13"
        },
        "x86_64-darwin": {
          "outputs": [
            {
              "name": "out",
              "path": "/nix/store/ylnasr0xkb01z2n6sskx9j1mq2nlilxb-python3-3.11.13",
              "default": true
            }
          ],
          "store_path": "/nix/store/ylnasr0xkb01z2n6sskx9j1mq2nlilxb-python3-3.11.13"
        },
        "x86_64-linux": {
          "outputs": [
            {
              "name": "out",
              "path": "/nix/store/rjjg82plny7gzlxh1pwjdmf7wd0zdwp3-python3-3.11.13",
              "default": true
            },
            {
              "name": "debug",
              "path": "/nix/store/b9109y466px7wgbsdl00idn0b2k3zzlx-python3-3.11.13-debug"
            }
          ],
          "store_path": "/nix/store/rjjg82plny7gzlxh1pwjdmf7wd0zdwp3-python3-3.11.13"
        }
      }
    },
    "yamlfmt@latest": {
      "last_modified": "2025-06-22T15:15:55Z",
      "resolved": "github:NixOS/nixpkgs/3078b9a9e75f1790e6d6ef9955fdc6a2d1740cc6#yamlfmt",
      "source": "devbox-search",
      "version": "0.17.1",
      "systems": {
        "aarch64-darwin": {
          "outputs": [
            {
              "name": "out",
              "path": "/nix/store/fb9g8lrpbdhpm2w36m2jbgzmgawrhl26-yamlfmt-0.17.1",
              "default": true
            }
          ],
          "store_path": "/nix/store/fb9g8lrpbdhpm2w36m2jbgzmgawrhl26-yamlfmt-0.17.1"
        },
        "aarch64-linux": {
          "outputs": [
            {
              "name": "out",
              "path": "/nix/store/jdrgbwy4nqb8xq0fzsngmjlgqp89zi7k-yamlfmt-0.17.1",
              "default": true
            }
          ],
          "store_path": "/nix/store/jdrgbwy4nqb8xq0fzsngmjlgqp89zi7k-yamlfmt-0.17.1"
        },
        "x86_64-darwin": {
          "outputs": [
            {
              "name": "out",
              "path": "/nix/store/1ynmj0yc5zrfbfizh718kclzk8plg8lc-yamlfmt-0.17.1",
              "default": true
            }
          ],
          "store_path": "/nix/store/1ynmj0yc5zrfbfizh718kclzk8plg8lc-yamlfmt-0.17.1"
        },
        "x86_64-linux": {
          "outputs": [
            {
              "name": "out",
              "path": "/nix/store/j3yy5an3mprkj7adik62g97j88g17spd-yamlfmt-0.17.1",
              "default": true
            }
          ],
          "store_path": "/nix/store/j3yy5an3mprkj7adik62g97j88g17spd-yamlfmt-0.17.1"
        }
      }
    }
  }
}
